
Microsoft Visual Studio Solution File, Format Version 12.00
# Visual Studio Version 17
VisualStudioVersion = 17.1.32228.430
MinimumVisualStudioVersion = 10.0.40219.1
Project("{2150E333-8FDC-42A3-9474-1A3956D46DE8}") = "Snippets", "Snippets", "{81E00F76-0DD3-4DB4-BDE7-33605C50DBCA}"
	ProjectSection(SolutionItems) = preProject
		Snippets\Console.Read.snippet = Snippets\Console.Read.snippet
		Snippets\Console.ReadLine.snippet = Snippets\Console.ReadLine.snippet
		Snippets\Console.Write.snippet = Snippets\Console.Write.snippet
		Snippets\Debug.Write.snippet = Snippets\Debug.Write.snippet
		Snippets\Debug.WriteLine.snippet = Snippets\Debug.WriteLine.snippet
		Snippets\double.TryParse.snippet = Snippets\double.TryParse.snippet
		Snippets\dp.snippet = Snippets\dp.snippet
		Snippets\inpc.snippet = Snippets\inpc.snippet
		Snippets\int.TryParse.snippet = Snippets\int.TryParse.snippet
		Snippets\propi.snippet = Snippets\propi.snippet
		Snippets\props.snippet = Snippets\props.snippet
		Snippets\sctor.snippet = Snippets\sctor.snippet
		Snippets\string.Join.snippet = Snippets\string.Join.snippet
		Snippets\typepat.snippet = Snippets\typepat.snippet
	EndProjectSection
EndProject
Project("{2150E333-8FDC-42A3-9474-1A3956D46DE8}") = "Extensions", "Extensions", "{F09DDAFD-685F-42DC-8D7F-46DB452FFB64}"
	ProjectSection(SolutionItems) = preProject
		Extensions\README.txt = Extensions\README.txt
	EndProjectSection
EndProject
Project("{2150E333-8FDC-42A3-9474-1A3956D46DE8}") = "SwitchStartupProject", "SwitchStartupProject", "{2B38A73D-DE04-41E8-88B8-4CC06DFD14AF}"
	ProjectSection(SolutionItems) = preProject
		Extensions\SwitchStartupProject\Configuration.json = Extensions\SwitchStartupProject\Configuration.json
	EndProjectSection
EndProject
Global
	GlobalSection(SolutionProperties) = preSolution
		HideSolutionNode = FALSE
	EndGlobalSection
	GlobalSection(NestedProjects) = preSolution
		{2B38A73D-DE04-41E8-88B8-4CC06DFD14AF} = {F09DDAFD-685F-42DC-8D7F-46DB452FFB64}
	EndGlobalSection
	GlobalSection(ExtensibilityGlobals) = postSolution
		SolutionGuid = {6C3851B4-4CCE-469C-B095-833CCF0D70D0}
	EndGlobalSection
EndGlobal
